# This file was autogenerated by Stack.
# You should not edit this file by hand.
# For more information, please see the documentation at:
#   https://docs.haskellstack.org/en/stable/lock_files

packages:
- completed:
    hackage: chessIO-0.9.3.1@sha256:d66a556533fb2b64f2c6d2fe1886e6b80a8da2cc4ba86f303b61f8161c63d96c,5044
    pantry-tree:
      sha256: d664f13db3a89d5a9bad8957f4f51b18a1d55ae4f282fb4fc5fe7f0a39b6d021
      size: 1407
  original:
    hackage: chessIO-0.9.3.1
- completed:
    commit: 1e505384841dd8228b95c47e4c3ea5a52d015e79
    git: https://github.com/Deltaspace0/monomer.git
    name: monomer
    pantry-tree:
      sha256: 01fe27ee170d3818dd9c6e5c28e7af73a23e468ccb310cad3dbf6b9b8878967a
      size: 18557
    version: 1.6.0.1
  original:
    commit: 1e505384841dd8228b95c47e4c3ea5a52d015e79
    git: https://github.com/Deltaspace0/monomer.git
- completed:
    hackage: nanovg-0.8.1.0@sha256:9131db15822c6593aa73946b56593eb0a14a0d044395bcdfd4fe2d3e6edb6759,4742
    pantry-tree:
      sha256: b83e640d56213061f632a76012a63625d76ceacf905bb8cee6ee03f981047c03
      size: 2558
  original:
    hackage: nanovg-0.8.1.0
- completed:
    commit: c6698cd5131be7df94d4d94b4b120ecdb587ffa6
    git: https://github.com/Deltaspace0/monomer-widgets.git
    name: monomer-widgets
    pantry-tree:
      sha256: df3795fa8b73544d17e2a4b03007ca0b60cd8cfefcce9316c4fe3cbf83e116e3
      size: 6279
    version: 0.1.0.0
  original:
    commit: c6698cd5131be7df94d4d94b4b120ecdb587ffa6
    git: https://github.com/Deltaspace0/monomer-widgets.git
snapshots:
- completed:
    sha256: 9fa4bece7acfac1fc7930c5d6e24606004b09e80aa0e52e9f68b148201008db9
    size: 649606
    url: https://raw.githubusercontent.com/commercialhaskell/stackage-snapshots/master/lts/20/18.yaml
  original:
    url: https://raw.githubusercontent.com/commercialhaskell/stackage-snapshots/master/lts/20/18.yaml
